// !$*UTF8*$!
{
	archiveVersion = 1;
	classes = {
	};
	objectVersion = 50;
	objects = {

/* Begin PBXBuildFile section */
		BF0D03982407EC8D00C8853B /* Follower.swift in Sources */ = {isa = PBXBuildFile; fileRef = BF0D03972407EC8D00C8853B /* Follower.swift */; };
		BF0D039A2407ED6100C8853B /* User.swift in Sources */ = {isa = PBXBuildFile; fileRef = BF0D03992407ED6100C8853B /* User.swift */; };
		BF0D039D2407F27800C8853B /* NetworkManager.swift in Sources */ = {isa = PBXBuildFile; fileRef = BF0D039C2407F27800C8853B /* NetworkManager.swift */; };
		BF14621F24069D7D00317B35 /* GFTitleLabel.swift in Sources */ = {isa = PBXBuildFile; fileRef = BF14621E24069D7D00317B35 /* GFTitleLabel.swift */; };
		BF14622124069F7400317B35 /* GFBodyLabel.swift in Sources */ = {isa = PBXBuildFile; fileRef = BF14622024069F7400317B35 /* GFBodyLabel.swift */; };
		BF1462232406A04800317B35 /* GFAlertVC.swift in Sources */ = {isa = PBXBuildFile; fileRef = BF1462222406A04800317B35 /* GFAlertVC.swift */; };
		BF1462252406AA0100317B35 /* UIViewController+Ext.swift in Sources */ = {isa = PBXBuildFile; fileRef = BF1462242406AA0100317B35 /* UIViewController+Ext.swift */; };
		BF2DBD15241A7435009B2B3E /* GFUserInfoHeaderVC.swift in Sources */ = {isa = PBXBuildFile; fileRef = BF2DBD14241A7435009B2B3E /* GFUserInfoHeaderVC.swift */; };
		BF2DBD17241A74BB009B2B3E /* GFSecondaryTitleLabel.swift in Sources */ = {isa = PBXBuildFile; fileRef = BF2DBD16241A74BB009B2B3E /* GFSecondaryTitleLabel.swift */; };
		BF2DBD19241A7E70009B2B3E /* Constants.swift in Sources */ = {isa = PBXBuildFile; fileRef = BF2DBD18241A7E70009B2B3E /* Constants.swift */; };
		BF30C5EB240559E7009F49E5 /* FollowerListVC.swift in Sources */ = {isa = PBXBuildFile; fileRef = BF30C5EA240559E7009F49E5 /* FollowerListVC.swift */; };
		BF62A69423D89F6600EB3700 /* AppDelegate.swift in Sources */ = {isa = PBXBuildFile; fileRef = BF62A69323D89F6600EB3700 /* AppDelegate.swift */; };
		BF62A69623D89F6600EB3700 /* SceneDelegate.swift in Sources */ = {isa = PBXBuildFile; fileRef = BF62A69523D89F6600EB3700 /* SceneDelegate.swift */; };
		BF62A69D23D89F6700EB3700 /* Assets.xcassets in Resources */ = {isa = PBXBuildFile; fileRef = BF62A69C23D89F6700EB3700 /* Assets.xcassets */; };
		BF62A6A023D89F6700EB3700 /* LaunchScreen.storyboard in Resources */ = {isa = PBXBuildFile; fileRef = BF62A69E23D89F6700EB3700 /* LaunchScreen.storyboard */; };
		BF62A6A823D8A6F800EB3700 /* SearchVC.swift in Sources */ = {isa = PBXBuildFile; fileRef = BF62A6A723D8A6F800EB3700 /* SearchVC.swift */; };
		BF62A6AA23D8A74500EB3700 /* FavoritesListVC.swift in Sources */ = {isa = PBXBuildFile; fileRef = BF62A6A923D8A74500EB3700 /* FavoritesListVC.swift */; };
		BF62A6AC23DA3A6700EB3700 /* GFButton.swift in Sources */ = {isa = PBXBuildFile; fileRef = BF62A6AB23DA3A6700EB3700 /* GFButton.swift */; };
		BF62A6AE23DA3E6100EB3700 /* GFTextField.swift in Sources */ = {isa = PBXBuildFile; fileRef = BF62A6AD23DA3E6100EB3700 /* GFTextField.swift */; };
		BF7D1DAA2416878E00417B51 /* UIHelper.swift in Sources */ = {isa = PBXBuildFile; fileRef = BF7D1DA92416878E00417B51 /* UIHelper.swift */; };
		BF846690241A99BD0089D110 /* GFItemInfoView.swift in Sources */ = {isa = PBXBuildFile; fileRef = BF84668F241A99BD0089D110 /* GFItemInfoView.swift */; };
		BF9EB1E6241C093800D66D23 /* GFInfoItemVC.swift in Sources */ = {isa = PBXBuildFile; fileRef = BF9EB1E5241C093800D66D23 /* GFInfoItemVC.swift */; };
		BF9EB1E8241C0C3B00D66D23 /* GFRepoItemVC.swift in Sources */ = {isa = PBXBuildFile; fileRef = BF9EB1E7241C0C3B00D66D23 /* GFRepoItemVC.swift */; };
		BF9EB1EA241C0ECF00D66D23 /* GFFollowerItemVC.swift in Sources */ = {isa = PBXBuildFile; fileRef = BF9EB1E9241C0ECF00D66D23 /* GFFollowerItemVC.swift */; };
		BFB2F4DA24094133001BA23B /* FollowerCell.swift in Sources */ = {isa = PBXBuildFile; fileRef = BFB2F4D924094133001BA23B /* FollowerCell.swift */; };
		BFB2F4DC240941F0001BA23B /* GFAvatarImageView.swift in Sources */ = {isa = PBXBuildFile; fileRef = BFB2F4DB240941F0001BA23B /* GFAvatarImageView.swift */; };
		BFBE84F7241C13F600CE60A5 /* Date+Ext.swift in Sources */ = {isa = PBXBuildFile; fileRef = BFBE84F6241C13F600CE60A5 /* Date+Ext.swift */; };
		BFBE84F9241C143D00CE60A5 /* String+Ext.swift in Sources */ = {isa = PBXBuildFile; fileRef = BFBE84F8241C143D00CE60A5 /* String+Ext.swift */; };
		BFC252BE24192F9800635697 /* UserInfoVC.swift in Sources */ = {isa = PBXBuildFile; fileRef = BFC252BD24192F9800635697 /* UserInfoVC.swift */; };
		BFC252C02419381000635697 /* GFError.swift in Sources */ = {isa = PBXBuildFile; fileRef = BFC252BF2419381000635697 /* GFError.swift */; };
		BFE54ADE2417E26C00CBDF1D /* GFEmptyStateView.swift in Sources */ = {isa = PBXBuildFile; fileRef = BFE54ADD2417E26C00CBDF1D /* GFEmptyStateView.swift */; };
/* End PBXBuildFile section */

/* Begin PBXFileReference section */
		BF0D03972407EC8D00C8853B /* Follower.swift */ = {isa = PBXFileReference; lastKnownFileType = sourcecode.swift; path = Follower.swift; sourceTree = "<group>"; };
		BF0D03992407ED6100C8853B /* User.swift */ = {isa = PBXFileReference; lastKnownFileType = sourcecode.swift; path = User.swift; sourceTree = "<group>"; };
		BF0D039C2407F27800C8853B /* NetworkManager.swift */ = {isa = PBXFileReference; lastKnownFileType = sourcecode.swift; path = NetworkManager.swift; sourceTree = "<group>"; };
		BF14621E24069D7D00317B35 /* GFTitleLabel.swift */ = {isa = PBXFileReference; lastKnownFileType = sourcecode.swift; path = GFTitleLabel.swift; sourceTree = "<group>"; };
		BF14622024069F7400317B35 /* GFBodyLabel.swift */ = {isa = PBXFileReference; lastKnownFileType = sourcecode.swift; path = GFBodyLabel.swift; sourceTree = "<group>"; };
		BF1462222406A04800317B35 /* GFAlertVC.swift */ = {isa = PBXFileReference; lastKnownFileType = sourcecode.swift; path = GFAlertVC.swift; sourceTree = "<group>"; };
		BF1462242406AA0100317B35 /* UIViewController+Ext.swift */ = {isa = PBXFileReference; lastKnownFileType = sourcecode.swift; path = "UIViewController+Ext.swift"; sourceTree = "<group>"; };
		BF2DBD14241A7435009B2B3E /* GFUserInfoHeaderVC.swift */ = {isa = PBXFileReference; lastKnownFileType = sourcecode.swift; path = GFUserInfoHeaderVC.swift; sourceTree = "<group>"; };
		BF2DBD16241A74BB009B2B3E /* GFSecondaryTitleLabel.swift */ = {isa = PBXFileReference; lastKnownFileType = sourcecode.swift; path = GFSecondaryTitleLabel.swift; sourceTree = "<group>"; };
		BF2DBD18241A7E70009B2B3E /* Constants.swift */ = {isa = PBXFileReference; lastKnownFileType = sourcecode.swift; path = Constants.swift; sourceTree = "<group>"; };
		BF30C5EA240559E7009F49E5 /* FollowerListVC.swift */ = {isa = PBXFileReference; lastKnownFileType = sourcecode.swift; path = FollowerListVC.swift; sourceTree = "<group>"; };
		BF62A69023D89F6500EB3700 /* GHFollowers.app */ = {isa = PBXFileReference; explicitFileType = wrapper.application; includeInIndex = 0; path = GHFollowers.app; sourceTree = BUILT_PRODUCTS_DIR; };
		BF62A69323D89F6600EB3700 /* AppDelegate.swift */ = {isa = PBXFileReference; lastKnownFileType = sourcecode.swift; path = AppDelegate.swift; sourceTree = "<group>"; };
		BF62A69523D89F6600EB3700 /* SceneDelegate.swift */ = {isa = PBXFileReference; lastKnownFileType = sourcecode.swift; path = SceneDelegate.swift; sourceTree = "<group>"; };
		BF62A69C23D89F6700EB3700 /* Assets.xcassets */ = {isa = PBXFileReference; lastKnownFileType = folder.assetcatalog; path = Assets.xcassets; sourceTree = "<group>"; };
		BF62A69F23D89F6700EB3700 /* Base */ = {isa = PBXFileReference; lastKnownFileType = file.storyboard; name = Base; path = Base.lproj/LaunchScreen.storyboard; sourceTree = "<group>"; };
		BF62A6A123D89F6700EB3700 /* Info.plist */ = {isa = PBXFileReference; lastKnownFileType = text.plist.xml; path = Info.plist; sourceTree = "<group>"; };
		BF62A6A723D8A6F800EB3700 /* SearchVC.swift */ = {isa = PBXFileReference; lastKnownFileType = sourcecode.swift; path = SearchVC.swift; sourceTree = "<group>"; };
		BF62A6A923D8A74500EB3700 /* FavoritesListVC.swift */ = {isa = PBXFileReference; lastKnownFileType = sourcecode.swift; path = FavoritesListVC.swift; sourceTree = "<group>"; };
		BF62A6AB23DA3A6700EB3700 /* GFButton.swift */ = {isa = PBXFileReference; lastKnownFileType = sourcecode.swift; path = GFButton.swift; sourceTree = "<group>"; };
		BF62A6AD23DA3E6100EB3700 /* GFTextField.swift */ = {isa = PBXFileReference; lastKnownFileType = sourcecode.swift; path = GFTextField.swift; sourceTree = "<group>"; };
		BF7D1DA92416878E00417B51 /* UIHelper.swift */ = {isa = PBXFileReference; lastKnownFileType = sourcecode.swift; path = UIHelper.swift; sourceTree = "<group>"; };
		BF84668F241A99BD0089D110 /* GFItemInfoView.swift */ = {isa = PBXFileReference; lastKnownFileType = sourcecode.swift; path = GFItemInfoView.swift; sourceTree = "<group>"; };
		BF9EB1E5241C093800D66D23 /* GFInfoItemVC.swift */ = {isa = PBXFileReference; lastKnownFileType = sourcecode.swift; path = GFInfoItemVC.swift; sourceTree = "<group>"; };
		BF9EB1E7241C0C3B00D66D23 /* GFRepoItemVC.swift */ = {isa = PBXFileReference; lastKnownFileType = sourcecode.swift; path = GFRepoItemVC.swift; sourceTree = "<group>"; };
		BF9EB1E9241C0ECF00D66D23 /* GFFollowerItemVC.swift */ = {isa = PBXFileReference; lastKnownFileType = sourcecode.swift; path = GFFollowerItemVC.swift; sourceTree = "<group>"; };
		BFB2F4D924094133001BA23B /* FollowerCell.swift */ = {isa = PBXFileReference; lastKnownFileType = sourcecode.swift; path = FollowerCell.swift; sourceTree = "<group>"; };
		BFB2F4DB240941F0001BA23B /* GFAvatarImageView.swift */ = {isa = PBXFileReference; lastKnownFileType = sourcecode.swift; path = GFAvatarImageView.swift; sourceTree = "<group>"; };
		BFBE84F6241C13F600CE60A5 /* Date+Ext.swift */ = {isa = PBXFileReference; lastKnownFileType = sourcecode.swift; path = "Date+Ext.swift"; sourceTree = "<group>"; };
		BFBE84F8241C143D00CE60A5 /* String+Ext.swift */ = {isa = PBXFileReference; lastKnownFileType = sourcecode.swift; path = "String+Ext.swift"; sourceTree = "<group>"; };
		BFC252BD24192F9800635697 /* UserInfoVC.swift */ = {isa = PBXFileReference; lastKnownFileType = sourcecode.swift; path = UserInfoVC.swift; sourceTree = "<group>"; };
		BFC252BF2419381000635697 /* GFError.swift */ = {isa = PBXFileReference; lastKnownFileType = sourcecode.swift; path = GFError.swift; sourceTree = "<group>"; };
		BFE54ADD2417E26C00CBDF1D /* GFEmptyStateView.swift */ = {isa = PBXFileReference; lastKnownFileType = sourcecode.swift; path = GFEmptyStateView.swift; sourceTree = "<group>"; };
/* End PBXFileReference section */

/* Begin PBXFrameworksBuildPhase section */
		BF62A68D23D89F6500EB3700 /* Frameworks */ = {
			isa = PBXFrameworksBuildPhase;
			buildActionMask = 2147483647;
			files = (
			);
			runOnlyForDeploymentPostprocessing = 0;
		};
/* End PBXFrameworksBuildPhase section */

/* Begin PBXGroup section */
		BF0D03962407EC5B00C8853B /* Model */ = {
			isa = PBXGroup;
			children = (
				BF0D03972407EC8D00C8853B /* Follower.swift */,
				BF0D03992407ED6100C8853B /* User.swift */,
			);
			path = Model;
			sourceTree = "<group>";
		};
		BF0D039B2407F22700C8853B /* Managers */ = {
			isa = PBXGroup;
			children = (
				BF0D039C2407F27800C8853B /* NetworkManager.swift */,
			);
			path = Managers;
			sourceTree = "<group>";
		};
		BF0D039E2407FD5700C8853B /* Utilities */ = {
			isa = PBXGroup;
			children = (
				BF7D1DA92416878E00417B51 /* UIHelper.swift */,
				BFC252BF2419381000635697 /* GFError.swift */,
				BF2DBD18241A7E70009B2B3E /* Constants.swift */,
			);
			path = Utilities;
			sourceTree = "<group>";
		};
		BF1462262406ADE800317B35 /* Screens */ = {
			isa = PBXGroup;
			children = (
				BF62A6A723D8A6F800EB3700 /* SearchVC.swift */,
				BF62A6A923D8A74500EB3700 /* FavoritesListVC.swift */,
				BF30C5EA240559E7009F49E5 /* FollowerListVC.swift */,
				BFC252BD24192F9800635697 /* UserInfoVC.swift */,
			);
			path = Screens;
			sourceTree = "<group>";
		};
		BF1462272406AE4900317B35 /* Custom Views */ = {
			isa = PBXGroup;
			children = (
				BFE54ADC2417E21100CBDF1D /* Labels */,
				BFE54ADB2417E1CD00CBDF1D /* ViewControllers */,
				BFE54ADA2417E1B700CBDF1D /* ImageViews */,
				BFE54AD92417E19E00CBDF1D /* TextFields */,
				BFE54AD82417E18B00CBDF1D /* Buttons */,
				BFE54AD72417E17400CBDF1D /* Views */,
				BFB2F4D8240940CF001BA23B /* Cells */,
			);
			path = "Custom Views";
			sourceTree = "<group>";
		};
		BF1462282406AED100317B35 /* Extension */ = {
			isa = PBXGroup;
			children = (
				BF1462242406AA0100317B35 /* UIViewController+Ext.swift */,
				BFBE84F6241C13F600CE60A5 /* Date+Ext.swift */,
				BFBE84F8241C143D00CE60A5 /* String+Ext.swift */,
			);
			path = Extension;
			sourceTree = "<group>";
		};
		BF1462292406AF4200317B35 /* Support */ = {
			isa = PBXGroup;
			children = (
				BF62A69323D89F6600EB3700 /* AppDelegate.swift */,
				BF62A69523D89F6600EB3700 /* SceneDelegate.swift */,
				BF62A69C23D89F6700EB3700 /* Assets.xcassets */,
				BF62A69E23D89F6700EB3700 /* LaunchScreen.storyboard */,
			);
			path = Support;
			sourceTree = "<group>";
		};
		BF62A68723D89F6500EB3700 = {
			isa = PBXGroup;
			children = (
				BF62A69223D89F6600EB3700 /* GHFollowers */,
				BF62A69123D89F6500EB3700 /* Products */,
			);
			sourceTree = "<group>";
		};
		BF62A69123D89F6500EB3700 /* Products */ = {
			isa = PBXGroup;
			children = (
				BF62A69023D89F6500EB3700 /* GHFollowers.app */,
			);
			name = Products;
			sourceTree = "<group>";
		};
		BF62A69223D89F6600EB3700 /* GHFollowers */ = {
			isa = PBXGroup;
			children = (
				BF0D039E2407FD5700C8853B /* Utilities */,
				BF0D039B2407F22700C8853B /* Managers */,
				BF62A6A123D89F6700EB3700 /* Info.plist */,
				BF0D03962407EC5B00C8853B /* Model */,
				BF1462292406AF4200317B35 /* Support */,
				BF1462282406AED100317B35 /* Extension */,
				BF1462272406AE4900317B35 /* Custom Views */,
				BF1462262406ADE800317B35 /* Screens */,
			);
			path = GHFollowers;
			sourceTree = "<group>";
		};
		BF9EB1EB241C0F5200D66D23 /* ItemInfoVCs */ = {
			isa = PBXGroup;
			children = (
				BF9EB1E5241C093800D66D23 /* GFInfoItemVC.swift */,
				BF9EB1E7241C0C3B00D66D23 /* GFRepoItemVC.swift */,
				BF9EB1E9241C0ECF00D66D23 /* GFFollowerItemVC.swift */,
			);
			path = ItemInfoVCs;
			sourceTree = "<group>";
		};
		BFB2F4D8240940CF001BA23B /* Cells */ = {
			isa = PBXGroup;
			children = (
				BFB2F4D924094133001BA23B /* FollowerCell.swift */,
			);
			path = Cells;
			sourceTree = "<group>";
		};
		BFE54AD72417E17400CBDF1D /* Views */ = {
			isa = PBXGroup;
			children = (
				BFE54ADD2417E26C00CBDF1D /* GFEmptyStateView.swift */,
				BF84668F241A99BD0089D110 /* GFItemInfoView.swift */,
			);
			path = Views;
			sourceTree = "<group>";
		};
		BFE54AD82417E18B00CBDF1D /* Buttons */ = {
			isa = PBXGroup;
			children = (
				BF62A6AB23DA3A6700EB3700 /* GFButton.swift */,
			);
			path = Buttons;
			sourceTree = "<group>";
		};
		BFE54AD92417E19E00CBDF1D /* TextFields */ = {
			isa = PBXGroup;
			children = (
				BF62A6AD23DA3E6100EB3700 /* GFTextField.swift */,
			);
			path = TextFields;
			sourceTree = "<group>";
		};
		BFE54ADA2417E1B700CBDF1D /* ImageViews */ = {
			isa = PBXGroup;
			children = (
				BFB2F4DB240941F0001BA23B /* GFAvatarImageView.swift */,
			);
			path = ImageViews;
			sourceTree = "<group>";
		};
		BFE54ADB2417E1CD00CBDF1D /* ViewControllers */ = {
			isa = PBXGroup;
			children = (
				BF9EB1EB241C0F5200D66D23 /* ItemInfoVCs */,
				BF1462222406A04800317B35 /* GFAlertVC.swift */,
				BF2DBD14241A7435009B2B3E /* GFUserInfoHeaderVC.swift */,
			);
			path = ViewControllers;
			sourceTree = "<group>";
		};
		BFE54ADC2417E21100CBDF1D /* Labels */ = {
			isa = PBXGroup;
			children = (
				BF14621E24069D7D00317B35 /* GFTitleLabel.swift */,
				BF14622024069F7400317B35 /* GFBodyLabel.swift */,
				BF2DBD16241A74BB009B2B3E /* GFSecondaryTitleLabel.swift */,
			);
			path = Labels;
			sourceTree = "<group>";
		};
/* End PBXGroup section */

/* Begin PBXNativeTarget section */
		BF62A68F23D89F6500EB3700 /* GHFollowers */ = {
			isa = PBXNativeTarget;
			buildConfigurationList = BF62A6A423D89F6700EB3700 /* Build configuration list for PBXNativeTarget "GHFollowers" */;
			buildPhases = (
				BF62A68C23D89F6500EB3700 /* Sources */,
				BF62A68D23D89F6500EB3700 /* Frameworks */,
				BF62A68E23D89F6500EB3700 /* Resources */,
			);
			buildRules = (
			);
			dependencies = (
			);
			name = GHFollowers;
			productName = GHFollowers;
			productReference = BF62A69023D89F6500EB3700 /* GHFollowers.app */;
			productType = "com.apple.product-type.application";
		};
/* End PBXNativeTarget section */

/* Begin PBXProject section */
		BF62A68823D89F6500EB3700 /* Project object */ = {
			isa = PBXProject;
			attributes = {
				LastSwiftUpdateCheck = 1130;
				LastUpgradeCheck = 1130;
				ORGANIZATIONNAME = "Ross Lubinski";
				TargetAttributes = {
					BF62A68F23D89F6500EB3700 = {
						CreatedOnToolsVersion = 11.3.1;
					};
				};
			};
			buildConfigurationList = BF62A68B23D89F6500EB3700 /* Build configuration list for PBXProject "GHFollowers" */;
			compatibilityVersion = "Xcode 9.3";
			developmentRegion = en;
			hasScannedForEncodings = 0;
			knownRegions = (
				en,
				Base,
			);
			mainGroup = BF62A68723D89F6500EB3700;
			productRefGroup = BF62A69123D89F6500EB3700 /* Products */;
			projectDirPath = "";
			projectRoot = "";
			targets = (
				BF62A68F23D89F6500EB3700 /* GHFollowers */,
			);
		};
/* End PBXProject section */

/* Begin PBXResourcesBuildPhase section */
		BF62A68E23D89F6500EB3700 /* Resources */ = {
			isa = PBXResourcesBuildPhase;
			buildActionMask = 2147483647;
			files = (
				BF62A6A023D89F6700EB3700 /* LaunchScreen.storyboard in Resources */,
				BF62A69D23D89F6700EB3700 /* Assets.xcassets in Resources */,
			);
			runOnlyForDeploymentPostprocessing = 0;
		};
/* End PBXResourcesBuildPhase section */

/* Begin PBXSourcesBuildPhase section */
		BF62A68C23D89F6500EB3700 /* Sources */ = {
			isa = PBXSourcesBuildPhase;
			buildActionMask = 2147483647;
			files = (
				BF0D039A2407ED6100C8853B /* User.swift in Sources */,
				BF62A6A823D8A6F800EB3700 /* SearchVC.swift in Sources */,
				BF1462252406AA0100317B35 /* UIViewController+Ext.swift in Sources */,
				BFBE84F9241C143D00CE60A5 /* String+Ext.swift in Sources */,
				BF62A6AC23DA3A6700EB3700 /* GFButton.swift in Sources */,
				BF62A6AA23D8A74500EB3700 /* FavoritesListVC.swift in Sources */,
				BF7D1DAA2416878E00417B51 /* UIHelper.swift in Sources */,
				BF2DBD19241A7E70009B2B3E /* Constants.swift in Sources */,
				BFB2F4DC240941F0001BA23B /* GFAvatarImageView.swift in Sources */,
				BF62A69423D89F6600EB3700 /* AppDelegate.swift in Sources */,
				BF1462232406A04800317B35 /* GFAlertVC.swift in Sources */,
				BF846690241A99BD0089D110 /* GFItemInfoView.swift in Sources */,
				BF9EB1EA241C0ECF00D66D23 /* GFFollowerItemVC.swift in Sources */,
				BFB2F4DA24094133001BA23B /* FollowerCell.swift in Sources */,
				BF62A69623D89F6600EB3700 /* SceneDelegate.swift in Sources */,
				BF2DBD15241A7435009B2B3E /* GFUserInfoHeaderVC.swift in Sources */,
				BFC252C02419381000635697 /* GFError.swift in Sources */,
				BF0D03982407EC8D00C8853B /* Follower.swift in Sources */,
				BF14621F24069D7D00317B35 /* GFTitleLabel.swift in Sources */,
				BF2DBD17241A74BB009B2B3E /* GFSecondaryTitleLabel.swift in Sources */,
				BFBE84F7241C13F600CE60A5 /* Date+Ext.swift in Sources */,
				BF9EB1E6241C093800D66D23 /* GFInfoItemVC.swift in Sources */,
				BFE54ADE2417E26C00CBDF1D /* GFEmptyStateView.swift in Sources */,
				BF0D039D2407F27800C8853B /* NetworkManager.swift in Sources */,
				BF30C5EB240559E7009F49E5 /* FollowerListVC.swift in Sources */,
				BF62A6AE23DA3E6100EB3700 /* GFTextField.swift in Sources */,
				BF14622124069F7400317B35 /* GFBodyLabel.swift in Sources */,
				BF9EB1E8241C0C3B00D66D23 /* GFRepoItemVC.swift in Sources */,
				BFC252BE24192F9800635697 /* UserInfoVC.swift in Sources */,
			);
			runOnlyForDeploymentPostprocessing = 0;
		};
/* End PBXSourcesBuildPhase section */

/* Begin PBXVariantGroup section */
		BF62A69E23D89F6700EB3700 /* LaunchScreen.storyboard */ = {
			isa = PBXVariantGroup;
			children = (
				BF62A69F23D89F6700EB3700 /* Base */,
			);
			name = LaunchScreen.storyboard;
			sourceTree = "<group>";
		};
/* End PBXVariantGroup section */

/* Begin XCBuildConfiguration section */
		BF62A6A223D89F6700EB3700 /* Debug */ = {
			isa = XCBuildConfiguration;
			buildSettings = {
				ALWAYS_SEARCH_USER_PATHS = NO;
				CLANG_ANALYZER_NONNULL = YES;
				CLANG_ANALYZER_NUMBER_OBJECT_CONVERSION = YES_AGGRESSIVE;
				CLANG_CXX_LANGUAGE_STANDARD = "gnu++14";
				CLANG_CXX_LIBRARY = "libc++";
				CLANG_ENABLE_MODULES = YES;
				CLANG_ENABLE_OBJC_ARC = YES;
				CLANG_ENABLE_OBJC_WEAK = YES;
				CLANG_WARN_BLOCK_CAPTURE_AUTORELEASING = YES;
				CLANG_WARN_BOOL_CONVERSION = YES;
				CLANG_WARN_COMMA = YES;
				CLANG_WARN_CONSTANT_CONVERSION = YES;
				CLANG_WARN_DEPRECATED_OBJC_IMPLEMENTATIONS = YES;
				CLANG_WARN_DIRECT_OBJC_ISA_USAGE = YES_ERROR;
				CLANG_WARN_DOCUMENTATION_COMMENTS = YES;
				CLANG_WARN_EMPTY_BODY = YES;
				CLANG_WARN_ENUM_CONVERSION = YES;
				CLANG_WARN_INFINITE_RECURSION = YES;
				CLANG_WARN_INT_CONVERSION = YES;
				CLANG_WARN_NON_LITERAL_NULL_CONVERSION = YES;
				CLANG_WARN_OBJC_IMPLICIT_RETAIN_SELF = YES;
				CLANG_WARN_OBJC_LITERAL_CONVERSION = YES;
				CLANG_WARN_OBJC_ROOT_CLASS = YES_ERROR;
				CLANG_WARN_RANGE_LOOP_ANALYSIS = YES;
				CLANG_WARN_STRICT_PROTOTYPES = YES;
				CLANG_WARN_SUSPICIOUS_MOVE = YES;
				CLANG_WARN_UNGUARDED_AVAILABILITY = YES_AGGRESSIVE;
				CLANG_WARN_UNREACHABLE_CODE = YES;
				CLANG_WARN__DUPLICATE_METHOD_MATCH = YES;
				COPY_PHASE_STRIP = NO;
				DEBUG_INFORMATION_FORMAT = dwarf;
				ENABLE_STRICT_OBJC_MSGSEND = YES;
				ENABLE_TESTABILITY = YES;
				GCC_C_LANGUAGE_STANDARD = gnu11;
				GCC_DYNAMIC_NO_PIC = NO;
				GCC_NO_COMMON_BLOCKS = YES;
				GCC_OPTIMIZATION_LEVEL = 0;
				GCC_PREPROCESSOR_DEFINITIONS = (
					"DEBUG=1",
					"$(inherited)",
				);
				GCC_WARN_64_TO_32_BIT_CONVERSION = YES;
				GCC_WARN_ABOUT_RETURN_TYPE = YES_ERROR;
				GCC_WARN_UNDECLARED_SELECTOR = YES;
				GCC_WARN_UNINITIALIZED_AUTOS = YES_AGGRESSIVE;
				GCC_WARN_UNUSED_FUNCTION = YES;
				GCC_WARN_UNUSED_VARIABLE = YES;
				IPHONEOS_DEPLOYMENT_TARGET = 13.2;
				MTL_ENABLE_DEBUG_INFO = INCLUDE_SOURCE;
				MTL_FAST_MATH = YES;
				ONLY_ACTIVE_ARCH = YES;
				SDKROOT = iphoneos;
				SWIFT_ACTIVE_COMPILATION_CONDITIONS = DEBUG;
				SWIFT_OPTIMIZATION_LEVEL = "-Onone";
			};
			name = Debug;
		};
		BF62A6A323D89F6700EB3700 /* Release */ = {
			isa = XCBuildConfiguration;
			buildSettings = {
				ALWAYS_SEARCH_USER_PATHS = NO;
				CLANG_ANALYZER_NONNULL = YES;
				CLANG_ANALYZER_NUMBER_OBJECT_CONVERSION = YES_AGGRESSIVE;
				CLANG_CXX_LANGUAGE_STANDARD = "gnu++14";
				CLANG_CXX_LIBRARY = "libc++";
				CLANG_ENABLE_MODULES = YES;
				CLANG_ENABLE_OBJC_ARC = YES;
				CLANG_ENABLE_OBJC_WEAK = YES;
				CLANG_WARN_BLOCK_CAPTURE_AUTORELEASING = YES;
				CLANG_WARN_BOOL_CONVERSION = YES;
				CLANG_WARN_COMMA = YES;
				CLANG_WARN_CONSTANT_CONVERSION = YES;
				CLANG_WARN_DEPRECATED_OBJC_IMPLEMENTATIONS = YES;
				CLANG_WARN_DIRECT_OBJC_ISA_USAGE = YES_ERROR;
				CLANG_WARN_DOCUMENTATION_COMMENTS = YES;
				CLANG_WARN_EMPTY_BODY = YES;
				CLANG_WARN_ENUM_CONVERSION = YES;
				CLANG_WARN_INFINITE_RECURSION = YES;
				CLANG_WARN_INT_CONVERSION = YES;
				CLANG_WARN_NON_LITERAL_NULL_CONVERSION = YES;
				CLANG_WARN_OBJC_IMPLICIT_RETAIN_SELF = YES;
				CLANG_WARN_OBJC_LITERAL_CONVERSION = YES;
				CLANG_WARN_OBJC_ROOT_CLASS = YES_ERROR;
				CLANG_WARN_RANGE_LOOP_ANALYSIS = YES;
				CLANG_WARN_STRICT_PROTOTYPES = YES;
				CLANG_WARN_SUSPICIOUS_MOVE = YES;
				CLANG_WARN_UNGUARDED_AVAILABILITY = YES_AGGRESSIVE;
				CLANG_WARN_UNREACHABLE_CODE = YES;
				CLANG_WARN__DUPLICATE_METHOD_MATCH = YES;
				COPY_PHASE_STRIP = NO;
				DEBUG_INFORMATION_FORMAT = "dwarf-with-dsym";
				ENABLE_NS_ASSERTIONS = NO;
				ENABLE_STRICT_OBJC_MSGSEND = YES;
				GCC_C_LANGUAGE_STANDARD = gnu11;
				GCC_NO_COMMON_BLOCKS = YES;
				GCC_WARN_64_TO_32_BIT_CONVERSION = YES;
				GCC_WARN_ABOUT_RETURN_TYPE = YES_ERROR;
				GCC_WARN_UNDECLARED_SELECTOR = YES;
				GCC_WARN_UNINITIALIZED_AUTOS = YES_AGGRESSIVE;
				GCC_WARN_UNUSED_FUNCTION = YES;
				GCC_WARN_UNUSED_VARIABLE = YES;
				IPHONEOS_DEPLOYMENT_TARGET = 13.2;
				MTL_ENABLE_DEBUG_INFO = NO;
				MTL_FAST_MATH = YES;
				SDKROOT = iphoneos;
				SWIFT_COMPILATION_MODE = wholemodule;
				SWIFT_OPTIMIZATION_LEVEL = "-O";
				VALIDATE_PRODUCT = YES;
			};
			name = Release;
		};
		BF62A6A523D89F6700EB3700 /* Debug */ = {
			isa = XCBuildConfiguration;
			buildSettings = {
				ASSETCATALOG_COMPILER_APPICON_NAME = AppIcon;
				CODE_SIGN_STYLE = Automatic;
				DEVELOPMENT_TEAM = VD6645QR7U;
				INFOPLIST_FILE = GHFollowers/Info.plist;
				LD_RUNPATH_SEARCH_PATHS = (
					"$(inherited)",
					"@executable_path/Frameworks",
				);
				PRODUCT_BUNDLE_IDENTIFIER = com.rosslubinski.GHFollowers;
				PRODUCT_NAME = "$(TARGET_NAME)";
				SWIFT_VERSION = 5.0;
				TARGETED_DEVICE_FAMILY = 1;
			};
			name = Debug;
		};
		BF62A6A623D89F6700EB3700 /* Release */ = {
			isa = XCBuildConfiguration;
			buildSettings = {
				ASSETCATALOG_COMPILER_APPICON_NAME = AppIcon;
				CODE_SIGN_STYLE = Automatic;
				DEVELOPMENT_TEAM = VD6645QR7U;
				INFOPLIST_FILE = GHFollowers/Info.plist;
				LD_RUNPATH_SEARCH_PATHS = (
					"$(inherited)",
					"@executable_path/Frameworks",
				);
				PRODUCT_BUNDLE_IDENTIFIER = com.rosslubinski.GHFollowers;
				PRODUCT_NAME = "$(TARGET_NAME)";
				SWIFT_VERSION = 5.0;
				TARGETED_DEVICE_FAMILY = 1;
			};
			name = Release;
		};
/* End XCBuildConfiguration section */

/* Begin XCConfigurationList section */
		BF62A68B23D89F6500EB3700 /* Build configuration list for PBXProject "GHFollowers" */ = {
			isa = XCConfigurationList;
			buildConfigurations = (
				BF62A6A223D89F6700EB3700 /* Debug */,
				BF62A6A323D89F6700EB3700 /* Release */,
			);
			defaultConfigurationIsVisible = 0;
			defaultConfigurationName = Release;
		};
		BF62A6A423D89F6700EB3700 /* Build configuration list for PBXNativeTarget "GHFollowers" */ = {
			isa = XCConfigurationList;
			buildConfigurations = (
				BF62A6A523D89F6700EB3700 /* Debug */,
				BF62A6A623D89F6700EB3700 /* Release */,
			);
			defaultConfigurationIsVisible = 0;
			defaultConfigurationName = Release;
		};
/* End XCConfigurationList section */
	};
	rootObject = BF62A68823D89F6500EB3700 /* Project object */;
}
